
Microsoft Visual Studio Solution File, Format Version 12.00
# Visual Studio 15
VisualStudioVersion = 15.0.28307.106
MinimumVisualStudioVersion = 10.0.40219.1
Project("{FAE04EC0-301F-11D3-BF4B-00C04F79EFBC}") = "ConsoleApp2", "ConsoleApp2\ConsoleApp2.csproj", "{C7A754AC-450B-460E-B0B6-5147CF1A99CA}"
EndProject
Project("{FAE04EC0-301F-11D3-BF4B-00C04F79EFBC}") = "money", "money\money.csproj", "{181A270B-8F47-4812-A2EA-D270156776BE}"
EndProject
Project("{FAE04EC0-301F-11D3-BF4B-00C04F79EFBC}") = "mydll", "mydll\mydll.csproj", "{F938852F-ACB8-476C-B2BF-87F4A294FFC7}"
EndProject
Global
	GlobalSection(SolutionConfigurationPlatforms) = preSolution
		Debug|Any CPU = Debug|Any CPU
		Release|Any CPU = Release|Any CPU
	EndGlobalSection
	GlobalSection(ProjectConfigurationPlatforms) = postSolution
		{C7A754AC-450B-460E-B0B6-5147CF1A99CA}.Debug|Any CPU.ActiveCfg = Debug|Any CPU
		{C7A754AC-450B-460E-B0B6-5147CF1A99CA}.Debug|Any CPU.Build.0 = Debug|Any CPU
		{C7A754AC-450B-460E-B0B6-5147CF1A99CA}.Release|Any CPU.ActiveCfg = Release|Any CPU
		{C7A754AC-450B-460E-B0B6-5147CF1A99CA}.Release|Any CPU.Build.0 = Release|Any CPU
		{181A270B-8F47-4812-A2EA-D270156776BE}.Debug|Any CPU.ActiveCfg = Debug|Any CPU
		{181A270B-8F47-4812-A2EA-D270156776BE}.Debug|Any CPU.Build.0 = Debug|Any CPU
		{181A270B-8F47-4812-A2EA-D270156776BE}.Release|Any CPU.ActiveCfg = Release|Any CPU
		{181A270B-8F47-4812-A2EA-D270156776BE}.Release|Any CPU.Build.0 = Release|Any CPU
		{F938852F-ACB8-476C-B2BF-87F4A294FFC7}.Debug|Any CPU.ActiveCfg = Debug|Any CPU
		{F938852F-ACB8-476C-B2BF-87F4A294FFC7}.Debug|Any CPU.Build.0 = Debug|Any CPU
		{F938852F-ACB8-476C-B2BF-87F4A294FFC7}.Release|Any CPU.ActiveCfg = Release|Any CPU
		{F938852F-ACB8-476C-B2BF-87F4A294FFC7}.Release|Any CPU.Build.0 = Release|Any CPU
	EndGlobalSection
	GlobalSection(SolutionProperties) = preSolution
		HideSolutionNode = FALSE
	EndGlobalSection
	GlobalSection(ExtensibilityGlobals) = postSolution
		SolutionGuid = {9D47628C-1174-4C17-9B4B-89B6B9B9AFC0}
	EndGlobalSection
EndGlobal
